Microsoft Visual Studio Solution File, Format Version 8.00
Project("{8BC9CEB8-8B4A-11D0-8D11-00A0C91BC942}") = "visual_studio7", "visual_studio7.vcproj", "{8FB904DD-8F39-4E86-B3A2-AD41A0CC9F52}"
	ProjectSection(ProjectDependencies) = postProject
	EndProjectSection
EndProject
Global
	GlobalSection(SolutionConfiguration) = preSolution
		aav Debug = aav Debug
		aav Release = aav Release
		align Debug = align Debug
		align Release = align Release
		basic Debug = basic Debug
		basic Release = basic Release
		blast Debug = blast Debug
		blast Release = blast Release
		chaining Debug = chaining Debug
		chaining Release = chaining Release
		classifierENC Debug = classifierENC Debug
		classifierENC Release = classifierENC Release
		Debug = Debug
		deferred Debug = deferred Debug
		deferred Release = deferred Release
		demos Debug = demos Debug
		demos Release = demos Release
		demostest Debug = demostest Debug
		demostest Release = demostest Release
		dfi Debug = dfi Debug
		dfi Release = dfi Release
		file Debug = file Debug
		file Release = file Release
		find Debug = find Debug
		find Release = find Release
		find_motif Debug = find_motif Debug
		find_motif Release = find_motif Release
		graph Debug = graph Debug
		graph Release = graph Release
		index Debug = index Debug
		index Release = index Release
		indexer Debug = indexer Debug
		indexer Release = indexer Release
		misc Debug = misc Debug
		misc Release = misc Release
		modifier Debug = modifier Debug
		modifier Release = modifier Release
		mummy Debug = mummy Debug
		mummy Release = mummy Release
		oligo Debug = oligo Debug
		oligo Release = oligo Release
		partitionvlmm Debug = partitionvlmm Debug
		partitionvlmm Release = partitionvlmm Release
		pipe Debug = pipe Debug
		pipe Release = pipe Release
		razer Debug = razer Debug
		razer Release = razer Release
		reassembly Debug = reassembly Debug
		reassembly Release = reassembly Release
		Release = Release
		rnacluster Debug = rnacluster Debug
		rnacluster Release = rnacluster Release
		score Debug = score Debug
		score Release = score Release
		scorevlmm Debug = scorevlmm Debug
		scorevlmm Release = scorevlmm Release
		scratch Debug = scratch Debug
		scratch Release = scratch Release
		seqan Debug = seqan Debug
		seqan Release = seqan Release
		sequence Debug = sequence Debug
		sequence Release = sequence Release
		simulate Debug = simulate Debug
		simulate Release = simulate Release
		stree2dot Debug = stree2dot Debug
		stree2dot Release = stree2dot Release
		testvlmm Debug = testvlmm Debug
		testvlmm Release = testvlmm Release
		trainvlmm Debug = trainvlmm Debug
		trainvlmm Release = trainvlmm Release
		vlmm Debug = vlmm Debug
		vlmm Release = vlmm Release
	EndGlobalSection
	GlobalSection(ProjectDependencies) = postSolution
	EndGlobalSection
	GlobalSection(ProjectConfiguration) = postSolution
		{8FB904DD-8F39-4E86-B3A2-AD41A0CC9F52}.aav Debug.ActiveCfg = aav Debug|Win32
		{8FB904DD-8F39-4E86-B3A2-AD41A0CC9F52}.aav Debug.Build.0 = aav Debug|Win32
		{8FB904DD-8F39-4E86-B3A2-AD41A0CC9F52}.aav Release.ActiveCfg = aav Release|Win32
		{8FB904DD-8F39-4E86-B3A2-AD41A0CC9F52}.aav Release.Build.0 = aav Release|Win32
		{8FB904DD-8F39-4E86-B3A2-AD41A0CC9F52}.align Debug.ActiveCfg = align Debug|Win32
		{8FB904DD-8F39-4E86-B3A2-AD41A0CC9F52}.align Debug.Build.0 = align Debug|Win32
		{8FB904DD-8F39-4E86-B3A2-AD41A0CC9F52}.align Release.ActiveCfg = align Release|Win32
		{8FB904DD-8F39-4E86-B3A2-AD41A0CC9F52}.align Release.Build.0 = align Release|Win32
		{8FB904DD-8F39-4E86-B3A2-AD41A0CC9F52}.basic Debug.ActiveCfg = basic Debug|Win32
		{8FB904DD-8F39-4E86-B3A2-AD41A0CC9F52}.basic Debug.Build.0 = basic Debug|Win32
		{8FB904DD-8F39-4E86-B3A2-AD41A0CC9F52}.basic Release.ActiveCfg = basic Release|Win32
		{8FB904DD-8F39-4E86-B3A2-AD41A0CC9F52}.basic Release.Build.0 = basic Release|Win32
		{8FB904DD-8F39-4E86-B3A2-AD41A0CC9F52}.blast Debug.ActiveCfg = blast Debug|Win32
		{8FB904DD-8F39-4E86-B3A2-AD41A0CC9F52}.blast Debug.Build.0 = blast Debug|Win32
		{8FB904DD-8F39-4E86-B3A2-AD41A0CC9F52}.blast Release.ActiveCfg = blast Release|Win32
		{8FB904DD-8F39-4E86-B3A2-AD41A0CC9F52}.blast Release.Build.0 = blast Release|Win32
		{8FB904DD-8F39-4E86-B3A2-AD41A0CC9F52}.chaining Debug.ActiveCfg = chaining Debug|Win32
		{8FB904DD-8F39-4E86-B3A2-AD41A0CC9F52}.chaining Debug.Build.0 = chaining Debug|Win32
		{8FB904DD-8F39-4E86-B3A2-AD41A0CC9F52}.chaining Release.ActiveCfg = chaining Release|Win32
		{8FB904DD-8F39-4E86-B3A2-AD41A0CC9F52}.chaining Release.Build.0 = chaining Release|Win32
		{8FB904DD-8F39-4E86-B3A2-AD41A0CC9F52}.classifierENC Debug.ActiveCfg = classifierENC Debug|Win32
		{8FB904DD-8F39-4E86-B3A2-AD41A0CC9F52}.classifierENC Debug.Build.0 = classifierENC Debug|Win32
		{8FB904DD-8F39-4E86-B3A2-AD41A0CC9F52}.classifierENC Release.ActiveCfg = classifierENC Release|Win32
		{8FB904DD-8F39-4E86-B3A2-AD41A0CC9F52}.classifierENC Release.Build.0 = classifierENC Release|Win32
		{8FB904DD-8F39-4E86-B3A2-AD41A0CC9F52}.Debug.ActiveCfg = Debug|Win32
		{8FB904DD-8F39-4E86-B3A2-AD41A0CC9F52}.Debug.Build.0 = Debug|Win32
		{8FB904DD-8F39-4E86-B3A2-AD41A0CC9F52}.deferred Debug.ActiveCfg = deferred Debug|Win32
		{8FB904DD-8F39-4E86-B3A2-AD41A0CC9F52}.deferred Debug.Build.0 = deferred Debug|Win32
		{8FB904DD-8F39-4E86-B3A2-AD41A0CC9F52}.deferred Release.ActiveCfg = deferred Release|Win32
		{8FB904DD-8F39-4E86-B3A2-AD41A0CC9F52}.deferred Release.Build.0 = deferred Release|Win32
		{8FB904DD-8F39-4E86-B3A2-AD41A0CC9F52}.demos Debug.ActiveCfg = demos Debug|Win32
		{8FB904DD-8F39-4E86-B3A2-AD41A0CC9F52}.demos Debug.Build.0 = demos Debug|Win32
		{8FB904DD-8F39-4E86-B3A2-AD41A0CC9F52}.demos Release.ActiveCfg = demos Release|Win32
		{8FB904DD-8F39-4E86-B3A2-AD41A0CC9F52}.demos Release.Build.0 = demos Release|Win32
		{8FB904DD-8F39-4E86-B3A2-AD41A0CC9F52}.demostest Debug.ActiveCfg = demostest Debug|Win32
		{8FB904DD-8F39-4E86-B3A2-AD41A0CC9F52}.demostest Debug.Build.0 = demostest Debug|Win32
		{8FB904DD-8F39-4E86-B3A2-AD41A0CC9F52}.demostest Release.ActiveCfg = demostest Release|Win32
		{8FB904DD-8F39-4E86-B3A2-AD41A0CC9F52}.demostest Release.Build.0 = demostest Release|Win32
		{8FB904DD-8F39-4E86-B3A2-AD41A0CC9F52}.dfi Debug.ActiveCfg = dfi Debug|Win32
		{8FB904DD-8F39-4E86-B3A2-AD41A0CC9F52}.dfi Debug.Build.0 = dfi Debug|Win32
		{8FB904DD-8F39-4E86-B3A2-AD41A0CC9F52}.dfi Release.ActiveCfg = dfi Release|Win32
		{8FB904DD-8F39-4E86-B3A2-AD41A0CC9F52}.dfi Release.Build.0 = dfi Release|Win32
		{8FB904DD-8F39-4E86-B3A2-AD41A0CC9F52}.file Debug.ActiveCfg = file Debug|Win32
		{8FB904DD-8F39-4E86-B3A2-AD41A0CC9F52}.file Debug.Build.0 = file Debug|Win32
		{8FB904DD-8F39-4E86-B3A2-AD41A0CC9F52}.file Release.ActiveCfg = file Release|Win32
		{8FB904DD-8F39-4E86-B3A2-AD41A0CC9F52}.file Release.Build.0 = file Release|Win32
		{8FB904DD-8F39-4E86-B3A2-AD41A0CC9F52}.find Debug.ActiveCfg = find Debug|Win32
		{8FB904DD-8F39-4E86-B3A2-AD41A0CC9F52}.find Debug.Build.0 = find Debug|Win32
		{8FB904DD-8F39-4E86-B3A2-AD41A0CC9F52}.find Release.ActiveCfg = find Release|Win32
		{8FB904DD-8F39-4E86-B3A2-AD41A0CC9F52}.find Release.Build.0 = find Release|Win32
		{8FB904DD-8F39-4E86-B3A2-AD41A0CC9F52}.find_motif Debug.ActiveCfg = find_motif Debug|Win32
		{8FB904DD-8F39-4E86-B3A2-AD41A0CC9F52}.find_motif Debug.Build.0 = find_motif Debug|Win32
		{8FB904DD-8F39-4E86-B3A2-AD41A0CC9F52}.find_motif Release.ActiveCfg = find_motif Release|Win32
		{8FB904DD-8F39-4E86-B3A2-AD41A0CC9F52}.find_motif Release.Build.0 = find_motif Release|Win32
		{8FB904DD-8F39-4E86-B3A2-AD41A0CC9F52}.graph Debug.ActiveCfg = graph Debug|Win32
		{8FB904DD-8F39-4E86-B3A2-AD41A0CC9F52}.graph Debug.Build.0 = graph Debug|Win32
		{8FB904DD-8F39-4E86-B3A2-AD41A0CC9F52}.graph Release.ActiveCfg = graph Release|Win32
		{8FB904DD-8F39-4E86-B3A2-AD41A0CC9F52}.graph Release.Build.0 = graph Release|Win32
		{8FB904DD-8F39-4E86-B3A2-AD41A0CC9F52}.index Debug.ActiveCfg = index Debug|Win32
		{8FB904DD-8F39-4E86-B3A2-AD41A0CC9F52}.index Debug.Build.0 = index Debug|Win32
		{8FB904DD-8F39-4E86-B3A2-AD41A0CC9F52}.index Release.ActiveCfg = index Release|Win32
		{8FB904DD-8F39-4E86-B3A2-AD41A0CC9F52}.index Release.Build.0 = index Release|Win32
		{8FB904DD-8F39-4E86-B3A2-AD41A0CC9F52}.indexer Debug.ActiveCfg = indexer Debug|Win32
		{8FB904DD-8F39-4E86-B3A2-AD41A0CC9F52}.indexer Debug.Build.0 = indexer Debug|Win32
		{8FB904DD-8F39-4E86-B3A2-AD41A0CC9F52}.indexer Release.ActiveCfg = indexer Release|Win32
		{8FB904DD-8F39-4E86-B3A2-AD41A0CC9F52}.indexer Release.Build.0 = indexer Release|Win32
		{8FB904DD-8F39-4E86-B3A2-AD41A0CC9F52}.misc Debug.ActiveCfg = misc Debug|Win32
		{8FB904DD-8F39-4E86-B3A2-AD41A0CC9F52}.misc Debug.Build.0 = misc Debug|Win32
		{8FB904DD-8F39-4E86-B3A2-AD41A0CC9F52}.misc Release.ActiveCfg = misc Release|Win32
		{8FB904DD-8F39-4E86-B3A2-AD41A0CC9F52}.misc Release.Build.0 = misc Release|Win32
		{8FB904DD-8F39-4E86-B3A2-AD41A0CC9F52}.modifier Debug.ActiveCfg = modifier Debug|Win32
		{8FB904DD-8F39-4E86-B3A2-AD41A0CC9F52}.modifier Debug.Build.0 = modifier Debug|Win32
		{8FB904DD-8F39-4E86-B3A2-AD41A0CC9F52}.modifier Release.ActiveCfg = modifier Release|Win32
		{8FB904DD-8F39-4E86-B3A2-AD41A0CC9F52}.modifier Release.Build.0 = modifier Release|Win32
		{8FB904DD-8F39-4E86-B3A2-AD41A0CC9F52}.mummy Debug.ActiveCfg = mummy Debug|Win32
		{8FB904DD-8F39-4E86-B3A2-AD41A0CC9F52}.mummy Debug.Build.0 = mummy Debug|Win32
		{8FB904DD-8F39-4E86-B3A2-AD41A0CC9F52}.mummy Release.ActiveCfg = mummy Release|Win32
		{8FB904DD-8F39-4E86-B3A2-AD41A0CC9F52}.mummy Release.Build.0 = mummy Release|Win32
		{8FB904DD-8F39-4E86-B3A2-AD41A0CC9F52}.oligo Debug.ActiveCfg = oligo Debug|Win32
		{8FB904DD-8F39-4E86-B3A2-AD41A0CC9F52}.oligo Debug.Build.0 = oligo Debug|Win32
		{8FB904DD-8F39-4E86-B3A2-AD41A0CC9F52}.oligo Release.ActiveCfg = oligo Release|Win32
		{8FB904DD-8F39-4E86-B3A2-AD41A0CC9F52}.oligo Release.Build.0 = oligo Release|Win32
		{8FB904DD-8F39-4E86-B3A2-AD41A0CC9F52}.partitionvlmm Debug.ActiveCfg = partitionvlmm Debug|Win32
		{8FB904DD-8F39-4E86-B3A2-AD41A0CC9F52}.partitionvlmm Debug.Build.0 = partitionvlmm Debug|Win32
		{8FB904DD-8F39-4E86-B3A2-AD41A0CC9F52}.partitionvlmm Release.ActiveCfg = partitionvlmm Release|Win32
		{8FB904DD-8F39-4E86-B3A2-AD41A0CC9F52}.partitionvlmm Release.Build.0 = partitionvlmm Release|Win32
		{8FB904DD-8F39-4E86-B3A2-AD41A0CC9F52}.pipe Debug.ActiveCfg = pipe Debug|Win32
		{8FB904DD-8F39-4E86-B3A2-AD41A0CC9F52}.pipe Debug.Build.0 = pipe Debug|Win32
		{8FB904DD-8F39-4E86-B3A2-AD41A0CC9F52}.pipe Release.ActiveCfg = pipe Release|Win32
		{8FB904DD-8F39-4E86-B3A2-AD41A0CC9F52}.pipe Release.Build.0 = pipe Release|Win32
		{8FB904DD-8F39-4E86-B3A2-AD41A0CC9F52}.razer Debug.ActiveCfg = razer Debug|Win32
		{8FB904DD-8F39-4E86-B3A2-AD41A0CC9F52}.razer Debug.Build.0 = razer Debug|Win32
		{8FB904DD-8F39-4E86-B3A2-AD41A0CC9F52}.razer Release.ActiveCfg = razer Release|Win32
		{8FB904DD-8F39-4E86-B3A2-AD41A0CC9F52}.razer Release.Build.0 = razer Release|Win32
		{8FB904DD-8F39-4E86-B3A2-AD41A0CC9F52}.reassembly Debug.ActiveCfg = reassembly Debug|Win32
		{8FB904DD-8F39-4E86-B3A2-AD41A0CC9F52}.reassembly Debug.Build.0 = reassembly Debug|Win32
		{8FB904DD-8F39-4E86-B3A2-AD41A0CC9F52}.reassembly Release.ActiveCfg = reassembly Release|Win32
		{8FB904DD-8F39-4E86-B3A2-AD41A0CC9F52}.reassembly Release.Build.0 = reassembly Release|Win32
		{8FB904DD-8F39-4E86-B3A2-AD41A0CC9F52}.Release.ActiveCfg = Release|Win32
		{8FB904DD-8F39-4E86-B3A2-AD41A0CC9F52}.Release.Build.0 = Release|Win32
		{8FB904DD-8F39-4E86-B3A2-AD41A0CC9F52}.rnacluster Debug.ActiveCfg = rnacluster Debug|Win32
		{8FB904DD-8F39-4E86-B3A2-AD41A0CC9F52}.rnacluster Debug.Build.0 = rnacluster Debug|Win32
		{8FB904DD-8F39-4E86-B3A2-AD41A0CC9F52}.rnacluster Release.ActiveCfg = rnacluster Release|Win32
		{8FB904DD-8F39-4E86-B3A2-AD41A0CC9F52}.rnacluster Release.Build.0 = rnacluster Release|Win32
		{8FB904DD-8F39-4E86-B3A2-AD41A0CC9F52}.score Debug.ActiveCfg = score Debug|Win32
		{8FB904DD-8F39-4E86-B3A2-AD41A0CC9F52}.score Debug.Build.0 = score Debug|Win32
		{8FB904DD-8F39-4E86-B3A2-AD41A0CC9F52}.score Release.ActiveCfg = score Release|Win32
		{8FB904DD-8F39-4E86-B3A2-AD41A0CC9F52}.score Release.Build.0 = score Release|Win32
		{8FB904DD-8F39-4E86-B3A2-AD41A0CC9F52}.scorevlmm Debug.ActiveCfg = scorevlmm Debug|Win32
		{8FB904DD-8F39-4E86-B3A2-AD41A0CC9F52}.scorevlmm Debug.Build.0 = scorevlmm Debug|Win32
		{8FB904DD-8F39-4E86-B3A2-AD41A0CC9F52}.scorevlmm Release.ActiveCfg = scorevlmm Release|Win32
		{8FB904DD-8F39-4E86-B3A2-AD41A0CC9F52}.scorevlmm Release.Build.0 = scorevlmm Release|Win32
		{8FB904DD-8F39-4E86-B3A2-AD41A0CC9F52}.scratch Debug.ActiveCfg = scratch Debug|Win32
		{8FB904DD-8F39-4E86-B3A2-AD41A0CC9F52}.scratch Debug.Build.0 = scratch Debug|Win32
		{8FB904DD-8F39-4E86-B3A2-AD41A0CC9F52}.scratch Release.ActiveCfg = scratch Release|Win32
		{8FB904DD-8F39-4E86-B3A2-AD41A0CC9F52}.scratch Release.Build.0 = scratch Release|Win32
		{8FB904DD-8F39-4E86-B3A2-AD41A0CC9F52}.seqan Debug.ActiveCfg = seqan Debug|Win32
		{8FB904DD-8F39-4E86-B3A2-AD41A0CC9F52}.seqan Debug.Build.0 = seqan Debug|Win32
		{8FB904DD-8F39-4E86-B3A2-AD41A0CC9F52}.seqan Release.ActiveCfg = seqan Release|Win32
		{8FB904DD-8F39-4E86-B3A2-AD41A0CC9F52}.seqan Release.Build.0 = seqan Release|Win32
		{8FB904DD-8F39-4E86-B3A2-AD41A0CC9F52}.sequence Debug.ActiveCfg = sequence Debug|Win32
		{8FB904DD-8F39-4E86-B3A2-AD41A0CC9F52}.sequence Debug.Build.0 = sequence Debug|Win32
		{8FB904DD-8F39-4E86-B3A2-AD41A0CC9F52}.sequence Release.ActiveCfg = sequence Release|Win32
		{8FB904DD-8F39-4E86-B3A2-AD41A0CC9F52}.sequence Release.Build.0 = sequence Release|Win32
		{8FB904DD-8F39-4E86-B3A2-AD41A0CC9F52}.simulate Debug.ActiveCfg = simulate Debug|Win32
		{8FB904DD-8F39-4E86-B3A2-AD41A0CC9F52}.simulate Debug.Build.0 = simulate Debug|Win32
		{8FB904DD-8F39-4E86-B3A2-AD41A0CC9F52}.simulate Release.ActiveCfg = simulate Release|Win32
		{8FB904DD-8F39-4E86-B3A2-AD41A0CC9F52}.simulate Release.Build.0 = simulate Release|Win32
		{8FB904DD-8F39-4E86-B3A2-AD41A0CC9F52}.stree2dot Debug.ActiveCfg = stree2dot Debug|Win32
		{8FB904DD-8F39-4E86-B3A2-AD41A0CC9F52}.stree2dot Debug.Build.0 = stree2dot Debug|Win32
		{8FB904DD-8F39-4E86-B3A2-AD41A0CC9F52}.stree2dot Release.ActiveCfg = stree2dot Release|Win32
		{8FB904DD-8F39-4E86-B3A2-AD41A0CC9F52}.stree2dot Release.Build.0 = stree2dot Release|Win32
		{8FB904DD-8F39-4E86-B3A2-AD41A0CC9F52}.testvlmm Debug.ActiveCfg = testvlmm Debug|Win32
		{8FB904DD-8F39-4E86-B3A2-AD41A0CC9F52}.testvlmm Debug.Build.0 = testvlmm Debug|Win32
		{8FB904DD-8F39-4E86-B3A2-AD41A0CC9F52}.testvlmm Release.ActiveCfg = testvlmm Release|Win32
		{8FB904DD-8F39-4E86-B3A2-AD41A0CC9F52}.testvlmm Release.Build.0 = testvlmm Release|Win32
		{8FB904DD-8F39-4E86-B3A2-AD41A0CC9F52}.trainvlmm Debug.ActiveCfg = trainvlmm Debug|Win32
		{8FB904DD-8F39-4E86-B3A2-AD41A0CC9F52}.trainvlmm Debug.Build.0 = trainvlmm Debug|Win32
		{8FB904DD-8F39-4E86-B3A2-AD41A0CC9F52}.trainvlmm Release.ActiveCfg = trainvlmm Release|Win32
		{8FB904DD-8F39-4E86-B3A2-AD41A0CC9F52}.trainvlmm Release.Build.0 = trainvlmm Release|Win32
		{8FB904DD-8F39-4E86-B3A2-AD41A0CC9F52}.vlmm Debug.ActiveCfg = vlmm Debug|Win32
		{8FB904DD-8F39-4E86-B3A2-AD41A0CC9F52}.vlmm Debug.Build.0 = vlmm Debug|Win32
		{8FB904DD-8F39-4E86-B3A2-AD41A0CC9F52}.vlmm Release.ActiveCfg = vlmm Release|Win32
		{8FB904DD-8F39-4E86-B3A2-AD41A0CC9F52}.vlmm Release.Build.0 = vlmm Release|Win32
	EndGlobalSection
	GlobalSection(ExtensibilityGlobals) = postSolution
	EndGlobalSection
	GlobalSection(ExtensibilityAddIns) = postSolution
	EndGlobalSection
EndGlobal
