Microsoft Visual Studio Solution File, Format Version 10.00
# Visual Studio 2008
Project("{8BC9CEB8-8B4A-11D0-8D11-00A0C91BC942}") = "visual_studio9", "visual_studio9.vcproj", "{8FB904DD-8F39-4E86-B3A2-AD41A0CC9F52}"
EndProject
Global
	GlobalSection(SolutionConfigurationPlatforms) = preSolution
		aav Debug|Win32 = aav Debug|Win32
		aav Release|Win32 = aav Release|Win32
		align Debug|Win32 = align Debug|Win32
		align Release|Win32 = align Release|Win32
		basic Debug|Win32 = basic Debug|Win32
		basic Release|Win32 = basic Release|Win32
		blast Debug|Win32 = blast Debug|Win32
		blast Release|Win32 = blast Release|Win32
		chaining Debug|Win32 = chaining Debug|Win32
		chaining Release|Win32 = chaining Release|Win32
		classifierENC Debug|Win32 = classifierENC Debug|Win32
		classifierENC Release|Win32 = classifierENC Release|Win32
		Debug|Win32 = Debug|Win32
		deferred Debug|Win32 = deferred Debug|Win32
		deferred Release|Win32 = deferred Release|Win32
		demos Debug|Win32 = demos Debug|Win32
		demos Release|Win32 = demos Release|Win32
		demostest Debug|Win32 = demostest Debug|Win32
		demostest Release|Win32 = demostest Release|Win32
		dfi Debug|Win32 = dfi Debug|Win32
		dfi Release|Win32 = dfi Release|Win32
		file Debug|Win32 = file Debug|Win32
		file Release|Win32 = file Release|Win32
		find Debug|Win32 = find Debug|Win32
		find Release|Win32 = find Release|Win32
		find_motif Debug|Win32 = find_motif Debug|Win32
		find_motif Release|Win32 = find_motif Release|Win32
		graph Debug|Win32 = graph Debug|Win32
		graph Release|Win32 = graph Release|Win32
		index Debug|Win32 = index Debug|Win32
		index Release|Win32 = index Release|Win32
		indexer Debug|Win32 = indexer Debug|Win32
		indexer Release|Win32 = indexer Release|Win32
		map Debug|Win32 = map Debug|Win32
		map Release|Win32 = map Release|Win32
		misc Debug|Win32 = misc Debug|Win32
		misc Release|Win32 = misc Release|Win32
		modifier Debug|Win32 = modifier Debug|Win32
		modifier Release|Win32 = modifier Release|Win32
		mummy Debug|Win32 = mummy Debug|Win32
		mummy Release|Win32 = mummy Release|Win32
		oligo Debug|Win32 = oligo Debug|Win32
		oligo Release|Win32 = oligo Release|Win32
		partitionvlmm Debug|Win32 = partitionvlmm Debug|Win32
		partitionvlmm Release|Win32 = partitionvlmm Release|Win32
		pipe Debug|Win32 = pipe Debug|Win32
		pipe Release|Win32 = pipe Release|Win32
		pizzachili Debug|Win32 = pizzachili Debug|Win32
		pizzachili Release|Win32 = pizzachili Release|Win32
		razer Debug|Win32 = razer Debug|Win32
		razer Release|Win32 = razer Release|Win32
		Release|Win32 = Release|Win32
		score Debug|Win32 = score Debug|Win32
		score Release|Win32 = score Release|Win32
		scorevlmm Debug|Win32 = scorevlmm Debug|Win32
		scorevlmm Release|Win32 = scorevlmm Release|Win32
		scratch Debug|Win32 = scratch Debug|Win32
		scratch Release|Win32 = scratch Release|Win32
		seqan Debug|Win32 = seqan Debug|Win32
		seqan Release|Win32 = seqan Release|Win32
		sequence Debug|Win32 = sequence Debug|Win32
		sequence Release|Win32 = sequence Release|Win32
		simulate Debug|Win32 = simulate Debug|Win32
		simulate Release|Win32 = simulate Release|Win32
		testvlmm Debug|Win32 = testvlmm Debug|Win32
		testvlmm Release|Win32 = testvlmm Release|Win32
		trainvlmm Debug|Win32 = trainvlmm Debug|Win32
		trainvlmm Release|Win32 = trainvlmm Release|Win32
		vlmm Debug|Win32 = vlmm Debug|Win32
		vlmm Release|Win32 = vlmm Release|Win32
	EndGlobalSection
	GlobalSection(ProjectConfigurationPlatforms) = postSolution
		{8FB904DD-8F39-4E86-B3A2-AD41A0CC9F52}.aav Debug|Win32.ActiveCfg = aav Debug|Win32
		{8FB904DD-8F39-4E86-B3A2-AD41A0CC9F52}.aav Debug|Win32.Build.0 = aav Debug|Win32
		{8FB904DD-8F39-4E86-B3A2-AD41A0CC9F52}.aav Release|Win32.ActiveCfg = aav Release|Win32
		{8FB904DD-8F39-4E86-B3A2-AD41A0CC9F52}.aav Release|Win32.Build.0 = aav Release|Win32
		{8FB904DD-8F39-4E86-B3A2-AD41A0CC9F52}.align Debug|Win32.ActiveCfg = align Debug|Win32
		{8FB904DD-8F39-4E86-B3A2-AD41A0CC9F52}.align Debug|Win32.Build.0 = align Debug|Win32
		{8FB904DD-8F39-4E86-B3A2-AD41A0CC9F52}.align Release|Win32.ActiveCfg = align Release|Win32
		{8FB904DD-8F39-4E86-B3A2-AD41A0CC9F52}.align Release|Win32.Build.0 = align Release|Win32
		{8FB904DD-8F39-4E86-B3A2-AD41A0CC9F52}.basic Debug|Win32.ActiveCfg = basic Debug|Win32
		{8FB904DD-8F39-4E86-B3A2-AD41A0CC9F52}.basic Debug|Win32.Build.0 = basic Debug|Win32
		{8FB904DD-8F39-4E86-B3A2-AD41A0CC9F52}.basic Release|Win32.ActiveCfg = basic Release|Win32
		{8FB904DD-8F39-4E86-B3A2-AD41A0CC9F52}.basic Release|Win32.Build.0 = basic Release|Win32
		{8FB904DD-8F39-4E86-B3A2-AD41A0CC9F52}.blast Debug|Win32.ActiveCfg = blast Debug|Win32
		{8FB904DD-8F39-4E86-B3A2-AD41A0CC9F52}.blast Debug|Win32.Build.0 = blast Debug|Win32
		{8FB904DD-8F39-4E86-B3A2-AD41A0CC9F52}.blast Release|Win32.ActiveCfg = blast Release|Win32
		{8FB904DD-8F39-4E86-B3A2-AD41A0CC9F52}.blast Release|Win32.Build.0 = blast Release|Win32
		{8FB904DD-8F39-4E86-B3A2-AD41A0CC9F52}.chaining Debug|Win32.ActiveCfg = chaining Debug|Win32
		{8FB904DD-8F39-4E86-B3A2-AD41A0CC9F52}.chaining Debug|Win32.Build.0 = chaining Debug|Win32
		{8FB904DD-8F39-4E86-B3A2-AD41A0CC9F52}.chaining Release|Win32.ActiveCfg = chaining Release|Win32
		{8FB904DD-8F39-4E86-B3A2-AD41A0CC9F52}.chaining Release|Win32.Build.0 = chaining Release|Win32
		{8FB904DD-8F39-4E86-B3A2-AD41A0CC9F52}.classifierENC Debug|Win32.ActiveCfg = classifierENC Debug|Win32
		{8FB904DD-8F39-4E86-B3A2-AD41A0CC9F52}.classifierENC Debug|Win32.Build.0 = classifierENC Debug|Win32
		{8FB904DD-8F39-4E86-B3A2-AD41A0CC9F52}.classifierENC Release|Win32.ActiveCfg = classifierENC Release|Win32
		{8FB904DD-8F39-4E86-B3A2-AD41A0CC9F52}.classifierENC Release|Win32.Build.0 = classifierENC Release|Win32
		{8FB904DD-8F39-4E86-B3A2-AD41A0CC9F52}.Debug|Win32.ActiveCfg = Debug|Win32
		{8FB904DD-8F39-4E86-B3A2-AD41A0CC9F52}.Debug|Win32.Build.0 = Debug|Win32
		{8FB904DD-8F39-4E86-B3A2-AD41A0CC9F52}.deferred Debug|Win32.ActiveCfg = deferred Debug|Win32
		{8FB904DD-8F39-4E86-B3A2-AD41A0CC9F52}.deferred Debug|Win32.Build.0 = deferred Debug|Win32
		{8FB904DD-8F39-4E86-B3A2-AD41A0CC9F52}.deferred Release|Win32.ActiveCfg = deferred Release|Win32
		{8FB904DD-8F39-4E86-B3A2-AD41A0CC9F52}.deferred Release|Win32.Build.0 = deferred Release|Win32
		{8FB904DD-8F39-4E86-B3A2-AD41A0CC9F52}.demos Debug|Win32.ActiveCfg = demos Debug|Win32
		{8FB904DD-8F39-4E86-B3A2-AD41A0CC9F52}.demos Debug|Win32.Build.0 = demos Debug|Win32
		{8FB904DD-8F39-4E86-B3A2-AD41A0CC9F52}.demos Release|Win32.ActiveCfg = demos Release|Win32
		{8FB904DD-8F39-4E86-B3A2-AD41A0CC9F52}.demos Release|Win32.Build.0 = demos Release|Win32
		{8FB904DD-8F39-4E86-B3A2-AD41A0CC9F52}.demostest Debug|Win32.ActiveCfg = demostest Debug|Win32
		{8FB904DD-8F39-4E86-B3A2-AD41A0CC9F52}.demostest Debug|Win32.Build.0 = demostest Debug|Win32
		{8FB904DD-8F39-4E86-B3A2-AD41A0CC9F52}.demostest Release|Win32.ActiveCfg = demostest Release|Win32
		{8FB904DD-8F39-4E86-B3A2-AD41A0CC9F52}.demostest Release|Win32.Build.0 = demostest Release|Win32
		{8FB904DD-8F39-4E86-B3A2-AD41A0CC9F52}.dfi Debug|Win32.ActiveCfg = dfi Debug|Win32
		{8FB904DD-8F39-4E86-B3A2-AD41A0CC9F52}.dfi Debug|Win32.Build.0 = dfi Debug|Win32
		{8FB904DD-8F39-4E86-B3A2-AD41A0CC9F52}.dfi Release|Win32.ActiveCfg = dfi Release|Win32
		{8FB904DD-8F39-4E86-B3A2-AD41A0CC9F52}.dfi Release|Win32.Build.0 = dfi Release|Win32
		{8FB904DD-8F39-4E86-B3A2-AD41A0CC9F52}.file Debug|Win32.ActiveCfg = file Debug|Win32
		{8FB904DD-8F39-4E86-B3A2-AD41A0CC9F52}.file Debug|Win32.Build.0 = file Debug|Win32
		{8FB904DD-8F39-4E86-B3A2-AD41A0CC9F52}.file Release|Win32.ActiveCfg = file Release|Win32
		{8FB904DD-8F39-4E86-B3A2-AD41A0CC9F52}.file Release|Win32.Build.0 = file Release|Win32
		{8FB904DD-8F39-4E86-B3A2-AD41A0CC9F52}.find Debug|Win32.ActiveCfg = find Debug|Win32
		{8FB904DD-8F39-4E86-B3A2-AD41A0CC9F52}.find Debug|Win32.Build.0 = find Debug|Win32
		{8FB904DD-8F39-4E86-B3A2-AD41A0CC9F52}.find Release|Win32.ActiveCfg = find Release|Win32
		{8FB904DD-8F39-4E86-B3A2-AD41A0CC9F52}.find Release|Win32.Build.0 = find Release|Win32
		{8FB904DD-8F39-4E86-B3A2-AD41A0CC9F52}.find_motif Debug|Win32.ActiveCfg = find_motif Debug|Win32
		{8FB904DD-8F39-4E86-B3A2-AD41A0CC9F52}.find_motif Debug|Win32.Build.0 = find_motif Debug|Win32
		{8FB904DD-8F39-4E86-B3A2-AD41A0CC9F52}.find_motif Release|Win32.ActiveCfg = find_motif Release|Win32
		{8FB904DD-8F39-4E86-B3A2-AD41A0CC9F52}.find_motif Release|Win32.Build.0 = find_motif Release|Win32
		{8FB904DD-8F39-4E86-B3A2-AD41A0CC9F52}.graph Debug|Win32.ActiveCfg = graph Debug|Win32
		{8FB904DD-8F39-4E86-B3A2-AD41A0CC9F52}.graph Debug|Win32.Build.0 = graph Debug|Win32
		{8FB904DD-8F39-4E86-B3A2-AD41A0CC9F52}.graph Release|Win32.ActiveCfg = graph Release|Win32
		{8FB904DD-8F39-4E86-B3A2-AD41A0CC9F52}.graph Release|Win32.Build.0 = graph Release|Win32
		{8FB904DD-8F39-4E86-B3A2-AD41A0CC9F52}.index Debug|Win32.ActiveCfg = index Debug|Win32
		{8FB904DD-8F39-4E86-B3A2-AD41A0CC9F52}.index Debug|Win32.Build.0 = index Debug|Win32
		{8FB904DD-8F39-4E86-B3A2-AD41A0CC9F52}.index Release|Win32.ActiveCfg = index Release|Win32
		{8FB904DD-8F39-4E86-B3A2-AD41A0CC9F52}.index Release|Win32.Build.0 = index Release|Win32
		{8FB904DD-8F39-4E86-B3A2-AD41A0CC9F52}.indexer Debug|Win32.ActiveCfg = indexer Debug|Win32
		{8FB904DD-8F39-4E86-B3A2-AD41A0CC9F52}.indexer Debug|Win32.Build.0 = indexer Debug|Win32
		{8FB904DD-8F39-4E86-B3A2-AD41A0CC9F52}.indexer Release|Win32.ActiveCfg = indexer Release|Win32
		{8FB904DD-8F39-4E86-B3A2-AD41A0CC9F52}.indexer Release|Win32.Build.0 = indexer Release|Win32
		{8FB904DD-8F39-4E86-B3A2-AD41A0CC9F52}.map Debug|Win32.ActiveCfg = map Debug|Win32
		{8FB904DD-8F39-4E86-B3A2-AD41A0CC9F52}.map Debug|Win32.Build.0 = map Debug|Win32
		{8FB904DD-8F39-4E86-B3A2-AD41A0CC9F52}.map Release|Win32.ActiveCfg = map Release|Win32
		{8FB904DD-8F39-4E86-B3A2-AD41A0CC9F52}.map Release|Win32.Build.0 = map Release|Win32
		{8FB904DD-8F39-4E86-B3A2-AD41A0CC9F52}.misc Debug|Win32.ActiveCfg = misc Debug|Win32
		{8FB904DD-8F39-4E86-B3A2-AD41A0CC9F52}.misc Debug|Win32.Build.0 = misc Debug|Win32
		{8FB904DD-8F39-4E86-B3A2-AD41A0CC9F52}.misc Release|Win32.ActiveCfg = misc Release|Win32
		{8FB904DD-8F39-4E86-B3A2-AD41A0CC9F52}.misc Release|Win32.Build.0 = misc Release|Win32
		{8FB904DD-8F39-4E86-B3A2-AD41A0CC9F52}.modifier Debug|Win32.ActiveCfg = modifier Debug|Win32
		{8FB904DD-8F39-4E86-B3A2-AD41A0CC9F52}.modifier Debug|Win32.Build.0 = modifier Debug|Win32
		{8FB904DD-8F39-4E86-B3A2-AD41A0CC9F52}.modifier Release|Win32.ActiveCfg = modifier Release|Win32
		{8FB904DD-8F39-4E86-B3A2-AD41A0CC9F52}.modifier Release|Win32.Build.0 = modifier Release|Win32
		{8FB904DD-8F39-4E86-B3A2-AD41A0CC9F52}.mummy Debug|Win32.ActiveCfg = mummy Debug|Win32
		{8FB904DD-8F39-4E86-B3A2-AD41A0CC9F52}.mummy Debug|Win32.Build.0 = mummy Debug|Win32
		{8FB904DD-8F39-4E86-B3A2-AD41A0CC9F52}.mummy Release|Win32.ActiveCfg = mummy Release|Win32
		{8FB904DD-8F39-4E86-B3A2-AD41A0CC9F52}.mummy Release|Win32.Build.0 = mummy Release|Win32
		{8FB904DD-8F39-4E86-B3A2-AD41A0CC9F52}.oligo Debug|Win32.ActiveCfg = oligo Debug|Win32
		{8FB904DD-8F39-4E86-B3A2-AD41A0CC9F52}.oligo Debug|Win32.Build.0 = oligo Debug|Win32
		{8FB904DD-8F39-4E86-B3A2-AD41A0CC9F52}.oligo Release|Win32.ActiveCfg = oligo Release|Win32
		{8FB904DD-8F39-4E86-B3A2-AD41A0CC9F52}.oligo Release|Win32.Build.0 = oligo Release|Win32
		{8FB904DD-8F39-4E86-B3A2-AD41A0CC9F52}.partitionvlmm Debug|Win32.ActiveCfg = partitionvlmm Debug|Win32
		{8FB904DD-8F39-4E86-B3A2-AD41A0CC9F52}.partitionvlmm Debug|Win32.Build.0 = partitionvlmm Debug|Win32
		{8FB904DD-8F39-4E86-B3A2-AD41A0CC9F52}.partitionvlmm Release|Win32.ActiveCfg = partitionvlmm Release|Win32
		{8FB904DD-8F39-4E86-B3A2-AD41A0CC9F52}.partitionvlmm Release|Win32.Build.0 = partitionvlmm Release|Win32
		{8FB904DD-8F39-4E86-B3A2-AD41A0CC9F52}.pipe Debug|Win32.ActiveCfg = pipe Debug|Win32
		{8FB904DD-8F39-4E86-B3A2-AD41A0CC9F52}.pipe Debug|Win32.Build.0 = pipe Debug|Win32
		{8FB904DD-8F39-4E86-B3A2-AD41A0CC9F52}.pipe Release|Win32.ActiveCfg = pipe Release|Win32
		{8FB904DD-8F39-4E86-B3A2-AD41A0CC9F52}.pipe Release|Win32.Build.0 = pipe Release|Win32
		{8FB904DD-8F39-4E86-B3A2-AD41A0CC9F52}.pizzachili Debug|Win32.ActiveCfg = pizzachili Debug|Win32
		{8FB904DD-8F39-4E86-B3A2-AD41A0CC9F52}.pizzachili Debug|Win32.Build.0 = pizzachili Debug|Win32
		{8FB904DD-8F39-4E86-B3A2-AD41A0CC9F52}.pizzachili Release|Win32.ActiveCfg = pizzachili Release|Win32
		{8FB904DD-8F39-4E86-B3A2-AD41A0CC9F52}.pizzachili Release|Win32.Build.0 = pizzachili Release|Win32
		{8FB904DD-8F39-4E86-B3A2-AD41A0CC9F52}.razer Debug|Win32.ActiveCfg = razer Debug|Win32
		{8FB904DD-8F39-4E86-B3A2-AD41A0CC9F52}.razer Debug|Win32.Build.0 = razer Debug|Win32
		{8FB904DD-8F39-4E86-B3A2-AD41A0CC9F52}.razer Release|Win32.ActiveCfg = razer Release|Win32
		{8FB904DD-8F39-4E86-B3A2-AD41A0CC9F52}.razer Release|Win32.Build.0 = razer Release|Win32
		{8FB904DD-8F39-4E86-B3A2-AD41A0CC9F52}.Release|Win32.ActiveCfg = Release|Win32
		{8FB904DD-8F39-4E86-B3A2-AD41A0CC9F52}.Release|Win32.Build.0 = Release|Win32
		{8FB904DD-8F39-4E86-B3A2-AD41A0CC9F52}.score Debug|Win32.ActiveCfg = score Debug|Win32
		{8FB904DD-8F39-4E86-B3A2-AD41A0CC9F52}.score Debug|Win32.Build.0 = score Debug|Win32
		{8FB904DD-8F39-4E86-B3A2-AD41A0CC9F52}.score Release|Win32.ActiveCfg = score Release|Win32
		{8FB904DD-8F39-4E86-B3A2-AD41A0CC9F52}.score Release|Win32.Build.0 = score Release|Win32
		{8FB904DD-8F39-4E86-B3A2-AD41A0CC9F52}.scorevlmm Debug|Win32.ActiveCfg = scorevlmm Debug|Win32
		{8FB904DD-8F39-4E86-B3A2-AD41A0CC9F52}.scorevlmm Debug|Win32.Build.0 = scorevlmm Debug|Win32
		{8FB904DD-8F39-4E86-B3A2-AD41A0CC9F52}.scorevlmm Release|Win32.ActiveCfg = scorevlmm Release|Win32
		{8FB904DD-8F39-4E86-B3A2-AD41A0CC9F52}.scorevlmm Release|Win32.Build.0 = scorevlmm Release|Win32
		{8FB904DD-8F39-4E86-B3A2-AD41A0CC9F52}.scratch Debug|Win32.ActiveCfg = scratch Debug|Win32
		{8FB904DD-8F39-4E86-B3A2-AD41A0CC9F52}.scratch Debug|Win32.Build.0 = scratch Debug|Win32
		{8FB904DD-8F39-4E86-B3A2-AD41A0CC9F52}.scratch Release|Win32.ActiveCfg = scratch Release|Win32
		{8FB904DD-8F39-4E86-B3A2-AD41A0CC9F52}.scratch Release|Win32.Build.0 = scratch Release|Win32
		{8FB904DD-8F39-4E86-B3A2-AD41A0CC9F52}.seqan Debug|Win32.ActiveCfg = seqan Debug|Win32
		{8FB904DD-8F39-4E86-B3A2-AD41A0CC9F52}.seqan Debug|Win32.Build.0 = seqan Debug|Win32
		{8FB904DD-8F39-4E86-B3A2-AD41A0CC9F52}.seqan Release|Win32.ActiveCfg = seqan Release|Win32
		{8FB904DD-8F39-4E86-B3A2-AD41A0CC9F52}.seqan Release|Win32.Build.0 = seqan Release|Win32
		{8FB904DD-8F39-4E86-B3A2-AD41A0CC9F52}.sequence Debug|Win32.ActiveCfg = sequence Debug|Win32
		{8FB904DD-8F39-4E86-B3A2-AD41A0CC9F52}.sequence Debug|Win32.Build.0 = sequence Debug|Win32
		{8FB904DD-8F39-4E86-B3A2-AD41A0CC9F52}.sequence Release|Win32.ActiveCfg = sequence Release|Win32
		{8FB904DD-8F39-4E86-B3A2-AD41A0CC9F52}.sequence Release|Win32.Build.0 = sequence Release|Win32
		{8FB904DD-8F39-4E86-B3A2-AD41A0CC9F52}.simulate Debug|Win32.ActiveCfg = simulate Debug|Win32
		{8FB904DD-8F39-4E86-B3A2-AD41A0CC9F52}.simulate Debug|Win32.Build.0 = simulate Debug|Win32
		{8FB904DD-8F39-4E86-B3A2-AD41A0CC9F52}.simulate Release|Win32.ActiveCfg = simulate Release|Win32
		{8FB904DD-8F39-4E86-B3A2-AD41A0CC9F52}.simulate Release|Win32.Build.0 = simulate Release|Win32
		{8FB904DD-8F39-4E86-B3A2-AD41A0CC9F52}.testvlmm Debug|Win32.ActiveCfg = testvlmm Debug|Win32
		{8FB904DD-8F39-4E86-B3A2-AD41A0CC9F52}.testvlmm Debug|Win32.Build.0 = testvlmm Debug|Win32
		{8FB904DD-8F39-4E86-B3A2-AD41A0CC9F52}.testvlmm Release|Win32.ActiveCfg = testvlmm Release|Win32
		{8FB904DD-8F39-4E86-B3A2-AD41A0CC9F52}.testvlmm Release|Win32.Build.0 = testvlmm Release|Win32
		{8FB904DD-8F39-4E86-B3A2-AD41A0CC9F52}.trainvlmm Debug|Win32.ActiveCfg = trainvlmm Debug|Win32
		{8FB904DD-8F39-4E86-B3A2-AD41A0CC9F52}.trainvlmm Debug|Win32.Build.0 = trainvlmm Debug|Win32
		{8FB904DD-8F39-4E86-B3A2-AD41A0CC9F52}.trainvlmm Release|Win32.ActiveCfg = trainvlmm Release|Win32
		{8FB904DD-8F39-4E86-B3A2-AD41A0CC9F52}.trainvlmm Release|Win32.Build.0 = trainvlmm Release|Win32
		{8FB904DD-8F39-4E86-B3A2-AD41A0CC9F52}.vlmm Debug|Win32.ActiveCfg = vlmm Debug|Win32
		{8FB904DD-8F39-4E86-B3A2-AD41A0CC9F52}.vlmm Debug|Win32.Build.0 = vlmm Debug|Win32
		{8FB904DD-8F39-4E86-B3A2-AD41A0CC9F52}.vlmm Release|Win32.ActiveCfg = vlmm Release|Win32
		{8FB904DD-8F39-4E86-B3A2-AD41A0CC9F52}.vlmm Release|Win32.Build.0 = vlmm Release|Win32
	EndGlobalSection
	GlobalSection(SolutionProperties) = preSolution
		HideSolutionNode = FALSE
	EndGlobalSection
EndGlobal
